
Microsoft Visual Studio Solution File, Format Version 12.00
# Visual Studio 15
VisualStudioVersion = 15.0.28307.960
MinimumVisualStudioVersion = 10.0.40219.1
Project("{FAE04EC0-301F-11D3-BF4B-00C04F79EFBC}") = "Domain", "Domain\Domain.csproj", "{8B635CDE-52E3-4F26-9DF4-0B91569B1C72}"
EndProject
Global
	GlobalSection(SolutionConfigurationPlatforms) = preSolution
		Debug|Any CPU = Debug|Any CPU
		Release|Any CPU = Release|Any CPU
	EndGlobalSection
	GlobalSection(ProjectConfigurationPlatforms) = postSolution
		{8B635CDE-52E3-4F26-9DF4-0B91569B1C72}.Debug|Any CPU.ActiveCfg = Debug|Any CPU
		{8B635CDE-52E3-4F26-9DF4-0B91569B1C72}.Debug|Any CPU.Build.0 = Debug|Any CPU
		{8B635CDE-52E3-4F26-9DF4-0B91569B1C72}.Release|Any CPU.ActiveCfg = Release|Any CPU
		{8B635CDE-52E3-4F26-9DF4-0B91569B1C72}.Release|Any CPU.Build.0 = Release|Any CPU
	EndGlobalSection
	GlobalSection(SolutionProperties) = preSolution
		HideSolutionNode = FALSE
	EndGlobalSection
	GlobalSection(ExtensibilityGlobals) = postSolution
		SolutionGuid = {58B1A308-D743-4EF0-94D3-E769FF9A313E}
	EndGlobalSection
EndGlobal
